# @generated - this file is auto-generated by `mise lock` https://mise.en.dev/dev-tools/mise-lock.html

[[tools.elm]]
version = "0.19.1"
backend = "asdf:elm"

[[tools."github:mpizenberg/elm-test-rs"]]
version = "3.0.2"
backend = "github:mpizenberg/elm-test-rs"

[tools."github:mpizenberg/elm-test-rs"."platforms.linux-arm64"]
checksum = "sha256:3c6b5384653677e9db40559ed7ffd39f7eda9faec53adef0f6898ab6aef21c29"
url = "https://github.com/mpizenberg/elm-test-rs/releases/download/v3.0.2/elm-test-rs_linux.tar.gz"
url_api = "https://api.github.com/repos/mpizenberg/elm-test-rs/releases/assets/383587063"

[tools."github:mpizenberg/elm-test-rs"."platforms.linux-arm64-musl"]
checksum = "sha256:3c6b5384653677e9db40559ed7ffd39f7eda9faec53adef0f6898ab6aef21c29"
url = "https://github.com/mpizenberg/elm-test-rs/releases/download/v3.0.2/elm-test-rs_linux.tar.gz"
url_api = "https://api.github.com/repos/mpizenberg/elm-test-rs/releases/assets/383587063"

[tools."github:mpizenberg/elm-test-rs"."platforms.linux-x64"]
checksum = "sha256:3c6b5384653677e9db40559ed7ffd39f7eda9faec53adef0f6898ab6aef21c29"
url = "https://github.com/mpizenberg/elm-test-rs/releases/download/v3.0.2/elm-test-rs_linux.tar.gz"
url_api = "https://api.github.com/repos/mpizenberg/elm-test-rs/releases/assets/383587063"

[tools."github:mpizenberg/elm-test-rs"."platforms.linux-x64-musl"]
checksum = "sha256:3c6b5384653677e9db40559ed7ffd39f7eda9faec53adef0f6898ab6aef21c29"
url = "https://github.com/mpizenberg/elm-test-rs/releases/download/v3.0.2/elm-test-rs_linux.tar.gz"
url_api = "https://api.github.com/repos/mpizenberg/elm-test-rs/releases/assets/383587063"

[tools."github:mpizenberg/elm-test-rs"."platforms.macos-arm64"]
checksum = "sha256:bf9282b38e2aac1174d75aab650d2a2b02fd4029d9a0c76c3a339bfe591d1a2f"
url = "https://github.com/mpizenberg/elm-test-rs/releases/download/v3.0.2/elm-test-rs_macos.tar.gz"
url_api = "https://api.github.com/repos/mpizenberg/elm-test-rs/releases/assets/383587059"

[tools."github:mpizenberg/elm-test-rs"."platforms.macos-x64"]
checksum = "sha256:bf9282b38e2aac1174d75aab650d2a2b02fd4029d9a0c76c3a339bfe591d1a2f"
url = "https://github.com/mpizenberg/elm-test-rs/releases/download/v3.0.2/elm-test-rs_macos.tar.gz"
url_api = "https://api.github.com/repos/mpizenberg/elm-test-rs/releases/assets/383587059"

[tools."github:mpizenberg/elm-test-rs"."platforms.windows-x64"]
checksum = "sha256:1ce4fe2eeb5955bbaa277fadd36dcd83adc8498137c977bbe6f17d1927001f33"
url = "https://github.com/mpizenberg/elm-test-rs/releases/download/v3.0.2/elm-test-rs_windows.zip"
url_api = "https://api.github.com/repos/mpizenberg/elm-test-rs/releases/assets/383587062"

[[tools.node]]
version = "26.4.0"
backend = "core:node"

[tools.node."platforms.linux-arm64"]
checksum = "sha256:773d9ec67266838270ddc105c2548ae8aaff28bc8fe6f34c55d1094043c4165e"
url = "https://nodejs.org/dist/v26.4.0/node-v26.4.0-linux-arm64.tar.gz"

[tools.node."platforms.linux-arm64-musl"]
checksum = "sha256:d2ad8c6e9fa955edf0337078c1d1acda345d36a84986b218cce3cfd1d2d26920"
url = "https://unofficial-builds.nodejs.org/download/release/v26.4.0/node-v26.4.0-linux-arm64-musl.tar.gz"

[tools.node."platforms.linux-x64"]
checksum = "sha256:f221dab30d0e9d544332f06fbee2c62186c97d864d5cac8482dba34f1e38b8dc"
url = "https://nodejs.org/dist/v26.4.0/node-v26.4.0-linux-x64.tar.gz"

[tools.node."platforms.linux-x64-musl"]
checksum = "sha256:554e960f6570bd3d1987f5170d8f2a373a21818581a8d307b697e7839988314a"
url = "https://unofficial-builds.nodejs.org/download/release/v26.4.0/node-v26.4.0-linux-x64-musl.tar.gz"

[tools.node."platforms.macos-arm64"]
checksum = "sha256:4f4fbcacf6b1ff1a95deedba7bd7b2d79efecaa53a8ecb0530546dc9063fefbc"
url = "https://nodejs.org/dist/v26.4.0/node-v26.4.0-darwin-arm64.tar.gz"

[tools.node."platforms.macos-x64"]
checksum = "sha256:eb3bdd8dec3ff2558ee10e284da7d2a3865af0cbda21f06d397b0265837c641e"
url = "https://nodejs.org/dist/v26.4.0/node-v26.4.0-darwin-x64.tar.gz"

[tools.node."platforms.windows-x64"]
checksum = "sha256:5f87d038c6ec442aa46b9126f8ca170acbd2f3b9b9152ca798cf54596a31e214"
url = "https://nodejs.org/dist/v26.4.0/node-v26.4.0-win-x64.zip"
