# @generated - this file is auto-generated by `mise lock` https://mise.en.dev/dev-tools/mise-lock.html

[[tools.elm]]
version = "0.19.2"
backend = "asdf:elm"

[[tools."github:mpizenberg/elm-test-rs"]]
version = "3.1.0"
backend = "github:mpizenberg/elm-test-rs"

[tools."github:mpizenberg/elm-test-rs"."platforms.linux-arm64"]
checksum = "sha256:364e3528222acbe916a679d079f583b1b4c70be9132297bb541572ce275ff95d"
url = "https://github.com/mpizenberg/elm-test-rs/releases/download/v3.1.0/elm-test-rs_linux.tar.gz"
url_api = "https://api.github.com/repos/mpizenberg/elm-test-rs/releases/assets/468441758"

[tools."github:mpizenberg/elm-test-rs"."platforms.linux-arm64-musl"]
checksum = "sha256:364e3528222acbe916a679d079f583b1b4c70be9132297bb541572ce275ff95d"
url = "https://github.com/mpizenberg/elm-test-rs/releases/download/v3.1.0/elm-test-rs_linux.tar.gz"
url_api = "https://api.github.com/repos/mpizenberg/elm-test-rs/releases/assets/468441758"

[tools."github:mpizenberg/elm-test-rs"."platforms.linux-x64"]
checksum = "sha256:364e3528222acbe916a679d079f583b1b4c70be9132297bb541572ce275ff95d"
url = "https://github.com/mpizenberg/elm-test-rs/releases/download/v3.1.0/elm-test-rs_linux.tar.gz"
url_api = "https://api.github.com/repos/mpizenberg/elm-test-rs/releases/assets/468441758"

[tools."github:mpizenberg/elm-test-rs"."platforms.linux-x64-musl"]
checksum = "sha256:364e3528222acbe916a679d079f583b1b4c70be9132297bb541572ce275ff95d"
url = "https://github.com/mpizenberg/elm-test-rs/releases/download/v3.1.0/elm-test-rs_linux.tar.gz"
url_api = "https://api.github.com/repos/mpizenberg/elm-test-rs/releases/assets/468441758"

[tools."github:mpizenberg/elm-test-rs"."platforms.macos-arm64"]
checksum = "sha256:c6eea3fd24f341597bfd8669258e4ef5a0c02ad70a167182caec21be644e123b"
url = "https://github.com/mpizenberg/elm-test-rs/releases/download/v3.1.0/elm-test-rs_macos.tar.gz"
url_api = "https://api.github.com/repos/mpizenberg/elm-test-rs/releases/assets/468441760"

[tools."github:mpizenberg/elm-test-rs"."platforms.macos-x64"]
checksum = "sha256:c6eea3fd24f341597bfd8669258e4ef5a0c02ad70a167182caec21be644e123b"
url = "https://github.com/mpizenberg/elm-test-rs/releases/download/v3.1.0/elm-test-rs_macos.tar.gz"
url_api = "https://api.github.com/repos/mpizenberg/elm-test-rs/releases/assets/468441760"

[tools."github:mpizenberg/elm-test-rs"."platforms.windows-x64"]
checksum = "sha256:66554f09d9e7ba74519fcc9151ca4ac15ae67bafb9123786dbc9e554766aa437"
url = "https://github.com/mpizenberg/elm-test-rs/releases/download/v3.1.0/elm-test-rs_windows.zip"
url_api = "https://api.github.com/repos/mpizenberg/elm-test-rs/releases/assets/468441755"

[[tools.node]]
version = "26.4.0"
backend = "core:node"

[tools.node."platforms.linux-arm64"]
checksum = "sha256:773d9ec67266838270ddc105c2548ae8aaff28bc8fe6f34c55d1094043c4165e"
url = "https://nodejs.org/dist/v26.4.0/node-v26.4.0-linux-arm64.tar.gz"

[tools.node."platforms.linux-arm64-musl"]
checksum = "sha256:d2ad8c6e9fa955edf0337078c1d1acda345d36a84986b218cce3cfd1d2d26920"
url = "https://unofficial-builds.nodejs.org/download/release/v26.4.0/node-v26.4.0-linux-arm64-musl.tar.gz"

[tools.node."platforms.linux-x64"]
checksum = "sha256:f221dab30d0e9d544332f06fbee2c62186c97d864d5cac8482dba34f1e38b8dc"
url = "https://nodejs.org/dist/v26.4.0/node-v26.4.0-linux-x64.tar.gz"

[tools.node."platforms.linux-x64-musl"]
checksum = "sha256:554e960f6570bd3d1987f5170d8f2a373a21818581a8d307b697e7839988314a"
url = "https://unofficial-builds.nodejs.org/download/release/v26.4.0/node-v26.4.0-linux-x64-musl.tar.gz"

[tools.node."platforms.macos-arm64"]
checksum = "sha256:4f4fbcacf6b1ff1a95deedba7bd7b2d79efecaa53a8ecb0530546dc9063fefbc"
url = "https://nodejs.org/dist/v26.4.0/node-v26.4.0-darwin-arm64.tar.gz"

[tools.node."platforms.macos-x64"]
checksum = "sha256:eb3bdd8dec3ff2558ee10e284da7d2a3865af0cbda21f06d397b0265837c641e"
url = "https://nodejs.org/dist/v26.4.0/node-v26.4.0-darwin-x64.tar.gz"

[tools.node."platforms.windows-x64"]
checksum = "sha256:5f87d038c6ec442aa46b9126f8ca170acbd2f3b9b9152ca798cf54596a31e214"
url = "https://nodejs.org/dist/v26.4.0/node-v26.4.0-win-x64.zip"
