# @generated - this file is auto-generated by `mise lock` https://mise.en.dev/dev-tools/mise-lock.html

[[tools.elm]]
version = "0.19.2"
backend = "asdf:elm"

[[tools."github:avh4/elm-format"]]
version = "0.8.8"
backend = "github:avh4/elm-format"

[tools."github:avh4/elm-format"."platforms.linux-arm64"]
checksum = "sha256:0be0046a81432e6e16340b8093cafa35a454e84956522d53f6a28f815dceac23"
url = "https://github.com/avh4/elm-format/releases/download/0.8.8/elm-format-0.8.8-linux-aarch64.tgz"
url_api = "https://api.github.com/repos/avh4/elm-format/releases/assets/265282228"

[tools."github:avh4/elm-format"."platforms.linux-arm64-musl"]
checksum = "sha256:0be0046a81432e6e16340b8093cafa35a454e84956522d53f6a28f815dceac23"
url = "https://github.com/avh4/elm-format/releases/download/0.8.8/elm-format-0.8.8-linux-aarch64.tgz"
url_api = "https://api.github.com/repos/avh4/elm-format/releases/assets/265282228"

[tools."github:avh4/elm-format"."platforms.linux-x64"]
checksum = "sha256:ee749898a07871e5dcbe7adf77a6c3d95de2fcde2e15de30e4fa7457faf05a71"
url = "https://github.com/avh4/elm-format/releases/download/0.8.8/elm-format-0.8.8-linux-x64.tgz"
url_api = "https://api.github.com/repos/avh4/elm-format/releases/assets/265282232"

[tools."github:avh4/elm-format"."platforms.linux-x64-musl"]
checksum = "sha256:ee749898a07871e5dcbe7adf77a6c3d95de2fcde2e15de30e4fa7457faf05a71"
url = "https://github.com/avh4/elm-format/releases/download/0.8.8/elm-format-0.8.8-linux-x64.tgz"
url_api = "https://api.github.com/repos/avh4/elm-format/releases/assets/265282232"

[tools."github:avh4/elm-format"."platforms.macos-arm64"]
checksum = "sha256:230bbf3777191f631bb592dfe85c06ebdcff6f56e8f5ed8b29804f8938961a79"
url = "https://github.com/avh4/elm-format/releases/download/0.8.8/elm-format-0.8.8-mac-arm64.tgz"
url_api = "https://api.github.com/repos/avh4/elm-format/releases/assets/265282242"

[tools."github:avh4/elm-format"."platforms.macos-x64"]
checksum = "sha256:e2a1fcf041ee12fc5d24a99520531e98c28358c8b7e62ecdccb9dd64b51fe084"
url = "https://github.com/avh4/elm-format/releases/download/0.8.8/elm-format-0.8.8-mac-x64.tgz"
url_api = "https://api.github.com/repos/avh4/elm-format/releases/assets/265282244"

[tools."github:avh4/elm-format"."platforms.windows-x64"]
checksum = "sha256:4a2d0eb0529944fbfb7974943df5a03881ec4b67501a631e1272aa9fd746bc82"
url = "https://github.com/avh4/elm-format/releases/download/0.8.8/elm-format-0.8.8-win-x64.zip"
url_api = "https://api.github.com/repos/avh4/elm-format/releases/assets/265282248"

[[tools."github:mpizenberg/elm-test-rs"]]
version = "3.1.0"
backend = "github:mpizenberg/elm-test-rs"

[tools."github:mpizenberg/elm-test-rs"."platforms.linux-arm64"]
checksum = "sha256:364e3528222acbe916a679d079f583b1b4c70be9132297bb541572ce275ff95d"
url = "https://github.com/mpizenberg/elm-test-rs/releases/download/v3.1.0/elm-test-rs_linux.tar.gz"
url_api = "https://api.github.com/repos/mpizenberg/elm-test-rs/releases/assets/468441758"

[tools."github:mpizenberg/elm-test-rs"."platforms.linux-arm64-musl"]
checksum = "sha256:364e3528222acbe916a679d079f583b1b4c70be9132297bb541572ce275ff95d"
url = "https://github.com/mpizenberg/elm-test-rs/releases/download/v3.1.0/elm-test-rs_linux.tar.gz"
url_api = "https://api.github.com/repos/mpizenberg/elm-test-rs/releases/assets/468441758"

[tools."github:mpizenberg/elm-test-rs"."platforms.linux-x64"]
checksum = "sha256:364e3528222acbe916a679d079f583b1b4c70be9132297bb541572ce275ff95d"
url = "https://github.com/mpizenberg/elm-test-rs/releases/download/v3.1.0/elm-test-rs_linux.tar.gz"
url_api = "https://api.github.com/repos/mpizenberg/elm-test-rs/releases/assets/468441758"

[tools."github:mpizenberg/elm-test-rs"."platforms.linux-x64-musl"]
checksum = "sha256:364e3528222acbe916a679d079f583b1b4c70be9132297bb541572ce275ff95d"
url = "https://github.com/mpizenberg/elm-test-rs/releases/download/v3.1.0/elm-test-rs_linux.tar.gz"
url_api = "https://api.github.com/repos/mpizenberg/elm-test-rs/releases/assets/468441758"

[tools."github:mpizenberg/elm-test-rs"."platforms.macos-arm64"]
checksum = "sha256:c6eea3fd24f341597bfd8669258e4ef5a0c02ad70a167182caec21be644e123b"
url = "https://github.com/mpizenberg/elm-test-rs/releases/download/v3.1.0/elm-test-rs_macos.tar.gz"
url_api = "https://api.github.com/repos/mpizenberg/elm-test-rs/releases/assets/468441760"

[tools."github:mpizenberg/elm-test-rs"."platforms.macos-x64"]
checksum = "sha256:c6eea3fd24f341597bfd8669258e4ef5a0c02ad70a167182caec21be644e123b"
url = "https://github.com/mpizenberg/elm-test-rs/releases/download/v3.1.0/elm-test-rs_macos.tar.gz"
url_api = "https://api.github.com/repos/mpizenberg/elm-test-rs/releases/assets/468441760"

[tools."github:mpizenberg/elm-test-rs"."platforms.windows-x64"]
checksum = "sha256:66554f09d9e7ba74519fcc9151ca4ac15ae67bafb9123786dbc9e554766aa437"
url = "https://github.com/mpizenberg/elm-test-rs/releases/download/v3.1.0/elm-test-rs_windows.zip"
url_api = "https://api.github.com/repos/mpizenberg/elm-test-rs/releases/assets/468441755"

[[tools.node]]
version = "26.5.0"
backend = "core:node"

[tools.node."platforms.linux-arm64"]
checksum = "sha256:308e5fe89a82461ba5a6cf15ff5221b2cdbd7ae87600aa72bb3c3fbdc66412d1"
url = "https://nodejs.org/dist/v26.5.0/node-v26.5.0-linux-arm64.tar.gz"

[tools.node."platforms.linux-arm64-musl"]
checksum = "sha256:1ab31aef6561191693f366cacd75bbcefa0301e49a18bc05554c21893bbdb490"
url = "https://unofficial-builds.nodejs.org/download/release/v26.5.0/node-v26.5.0-linux-arm64-musl.tar.gz"

[tools.node."platforms.linux-x64"]
checksum = "sha256:22b5f47ad6ae78837e4c2b846019965ce1a06ba143de176102294a1bf44fc677"
url = "https://nodejs.org/dist/v26.5.0/node-v26.5.0-linux-x64.tar.gz"

[tools.node."platforms.linux-x64-musl"]
checksum = "sha256:00f1398411a4216c5a6ecaad3b825a0da5ec00e79ee8c173ab65a094d97b9ad8"
url = "https://unofficial-builds.nodejs.org/download/release/v26.5.0/node-v26.5.0-linux-x64-musl.tar.gz"

[tools.node."platforms.macos-arm64"]
checksum = "sha256:ee920559aaa2391569cff4d737e3b83963430e3a14dedd91bfe0ff53171b5af9"
url = "https://nodejs.org/dist/v26.5.0/node-v26.5.0-darwin-arm64.tar.gz"

[tools.node."platforms.macos-x64"]
checksum = "sha256:98293394c945a24e64e00b4177bf075ec963ea70b34d1d2e24bd4a71716d334f"
url = "https://nodejs.org/dist/v26.5.0/node-v26.5.0-darwin-x64.tar.gz"

[tools.node."platforms.windows-x64"]
checksum = "sha256:d3b2277dbcccfdf24ef6302928f64f484cff1d77a6d3caa3a28f4d20ce9158f6"
url = "https://nodejs.org/dist/v26.5.0/node-v26.5.0-win-x64.zip"
